
Microsoft Visual Studio Solution File, Format Version 12.00
# Visual Studio 2013
VisualStudioVersion = 12.0.31101.0
MinimumVisualStudioVersion = 10.0.40219.1
Project("{FAE04EC0-301F-11D3-BF4B-00C04F79EFBC}") = "MediaBrowser.Plugins.RottenTomatoes", "MediaBrowser.Plugins.RottenTomatoes\MediaBrowser.Plugins.RottenTomatoes.csproj", "{71BF266C-BFB0-4821-8909-FF21F95A4B49}"
EndProject
Project("{2150E333-8FDC-42A3-9474-1A3956D46DE8}") = "Solution Items", "Solution Items", "{F17571BB-66D4-4DB5-8EC0-33A76DD5B018}"
	ProjectSection(SolutionItems) = preProject
		SharedVersion.cs = SharedVersion.cs
	EndProjectSection
EndProject
Project("{FAE04EC0-301F-11D3-BF4B-00C04F79EFBC}") = "MediaBrowser.Plugins.NextPvr", "MediaBrowser.Plugins.NextPvr\MediaBrowser.Plugins.NextPvr.csproj", "{815AB3F4-6B55-4FC4-9441-9297A3A116CB}"
EndProject
Project("{FAE04EC0-301F-11D3-BF4B-00C04F79EFBC}") = "MediaBrowser.Plugins.SmtpNotifications", "MediaBrowser.Plugins.SmtpNotifications\MediaBrowser.Plugins.SmtpNotifications.csproj", "{B318F84E-B740-45BD-ADA8-1773C5A953F5}"
EndProject
Project("{FAE04EC0-301F-11D3-BF4B-00C04F79EFBC}") = "MediaBrowser.Plugins.PushALotNotifications", "MediaBrowser.Plugins.PushALotNotifications\MediaBrowser.Plugins.PushALotNotifications.csproj", "{A47CF14F-6339-4610-BF23-C732E18805BF}"
EndProject
Project("{FAE04EC0-301F-11D3-BF4B-00C04F79EFBC}") = "MediaBrowser.Plugins.PushOverNotifications", "MediaBrowser.Plugins.PushOverNotifications\MediaBrowser.Plugins.PushOverNotifications.csproj", "{342C0A77-6E9F-4C38-898D-03A0312FD643}"
EndProject
Project("{FAE04EC0-301F-11D3-BF4B-00C04F79EFBC}") = "MediaBrowser.Plugins.ProwlNotifications", "MediaBrowser.Plugins.ProwlNotifications\MediaBrowser.Plugins.ProwlNotifications.csproj", "{C16AF6E3-5032-4D2C-8756-85BF42F1C8D0}"
EndProject
Project("{FAE04EC0-301F-11D3-BF4B-00C04F79EFBC}") = "MediaBrowser.Plugins.NotifyMyAndroidNotifications", "MediaBrowser.Plugins.NotifyMyAndroidNotifications\MediaBrowser.Plugins.NotifyMyAndroidNotifications.csproj", "{FFA5128A-BEA6-4FFA-9E0B-9E706AC8A544}"
EndProject
Project("{FAE04EC0-301F-11D3-BF4B-00C04F79EFBC}") = "MediaBrowser.Plugins.PushBulletNotifications", "MediaBrowser.Plugins.PushBulletNotifications\MediaBrowser.Plugins.PushBulletNotifications.csproj", "{D3018C1D-19DD-407E-9A44-304E172599D3}"
EndProject
Project("{FAE04EC0-301F-11D3-BF4B-00C04F79EFBC}") = "MediaBrowser.Plugins.Lastfm", "MediaBrowser.Plugins.Lastfm\MediaBrowser.Plugins.Lastfm.csproj", "{9D487969-76A8-4CC9-8D4C-FC65B4B3B21E}"
EndProject
Project("{FAE04EC0-301F-11D3-BF4B-00C04F79EFBC}") = "Trakt", "Trakt\Trakt.csproj", "{7FFC306B-2680-49C7-8BE0-6358B2A8A409}"
EndProject
Project("{FAE04EC0-301F-11D3-BF4B-00C04F79EFBC}") = "GameBrowser", "GameBrowser\GameBrowser.csproj", "{0B32450D-AB7B-4FB1-8819-7AFC17EB1295}"
EndProject
Project("{FAE04EC0-301F-11D3-BF4B-00C04F79EFBC}") = "MediaBrowser.Plugins.StudioCleaner", "MediaBrowser.Plugins.StudioCleaner\MediaBrowser.Plugins.StudioCleaner.csproj", "{776C7D9D-72C5-4C73-AC73-88071B5C963C}"
EndProject
Project("{FAE04EC0-301F-11D3-BF4B-00C04F79EFBC}") = "RokuMetadata", "RokuMetadata\RokuMetadata.csproj", "{E0FECDE5-B375-45AF-9B07-BD64977F966C}"
EndProject
Project("{FAE04EC0-301F-11D3-BF4B-00C04F79EFBC}") = "MediaBrowser.Plugins.GoogleDrive", "MediaBrowser.Plugins.GoogleDrive\MediaBrowser.Plugins.GoogleDrive.csproj", "{1B6D0A02-F1C2-4817-8958-4A996DEF5AC7}"
EndProject
Project("{FAE04EC0-301F-11D3-BF4B-00C04F79EFBC}") = "FolderSync", "FolderSync\FolderSync.csproj", "{D18C2B09-4793-4D16-AC5D-C04C0E5AC976}"
EndProject
Project("{FAE04EC0-301F-11D3-BF4B-00C04F79EFBC}") = "MBBookshelf", "Bookshelf\MBBookshelf.csproj", "{C4276F0E-10BD-4D9C-8686-B0E6F9FE7B23}"
EndProject
Project("{FAE04EC0-301F-11D3-BF4B-00C04F79EFBC}") = "Dropbox", "Dropbox\Dropbox.csproj", "{42C6C52F-0A48-43D2-90C8-553B4B3E3333}"
EndProject
Project("{FAE04EC0-301F-11D3-BF4B-00C04F79EFBC}") = "OneDrive", "OneDrive\OneDrive.csproj", "{FABF230B-5782-46FB-8C64-6AC98722C33F}"
EndProject
Project("{FAE04EC0-301F-11D3-BF4B-00C04F79EFBC}") = "XmlMetadata", "XmlMetadata\XmlMetadata.csproj", "{C9F8C128-32CD-4151-A083-18E03C107D23}"
EndProject
Project("{FAE04EC0-301F-11D3-BF4B-00C04F79EFBC}") = "MediaBrowser.Plugins.ArgusTV", "MediaBrowser.Plugins.ArgusTV\MediaBrowser.Plugins.ArgusTV.csproj", "{30B2A395-5E43-454F-8093-DAF307D6D4FB}"
EndProject
Project("{FAE04EC0-301F-11D3-BF4B-00C04F79EFBC}") = "TVHeadEnd", "TVHeadEnd\TVHeadEnd.csproj", "{255072D7-49B0-4E0A-93D4-C283144499B7}"
EndProject
Global
	GlobalSection(SolutionConfigurationPlatforms) = preSolution
		Debug|Any CPU = Debug|Any CPU
		Debug|x86 = Debug|x86
		Release|Any CPU = Release|Any CPU
		Release|x86 = Release|x86
	EndGlobalSection
	GlobalSection(ProjectConfigurationPlatforms) = postSolution
		{71BF266C-BFB0-4821-8909-FF21F95A4B49}.Debug|Any CPU.ActiveCfg = Debug|Any CPU
		{71BF266C-BFB0-4821-8909-FF21F95A4B49}.Debug|Any CPU.Build.0 = Debug|Any CPU
		{71BF266C-BFB0-4821-8909-FF21F95A4B49}.Debug|x86.ActiveCfg = Debug|Any CPU
		{71BF266C-BFB0-4821-8909-FF21F95A4B49}.Release|Any CPU.ActiveCfg = Release|Any CPU
		{71BF266C-BFB0-4821-8909-FF21F95A4B49}.Release|Any CPU.Build.0 = Release|Any CPU
		{71BF266C-BFB0-4821-8909-FF21F95A4B49}.Release|x86.ActiveCfg = Release|Any CPU
		{815AB3F4-6B55-4FC4-9441-9297A3A116CB}.Debug|Any CPU.ActiveCfg = Debug|Any CPU
		{815AB3F4-6B55-4FC4-9441-9297A3A116CB}.Debug|Any CPU.Build.0 = Debug|Any CPU
		{815AB3F4-6B55-4FC4-9441-9297A3A116CB}.Debug|x86.ActiveCfg = Debug|Any CPU
		{815AB3F4-6B55-4FC4-9441-9297A3A116CB}.Release|Any CPU.ActiveCfg = Release|Any CPU
		{815AB3F4-6B55-4FC4-9441-9297A3A116CB}.Release|Any CPU.Build.0 = Release|Any CPU
		{815AB3F4-6B55-4FC4-9441-9297A3A116CB}.Release|x86.ActiveCfg = Release|Any CPU
		{B318F84E-B740-45BD-ADA8-1773C5A953F5}.Debug|Any CPU.ActiveCfg = Debug|Any CPU
		{B318F84E-B740-45BD-ADA8-1773C5A953F5}.Debug|Any CPU.Build.0 = Debug|Any CPU
		{B318F84E-B740-45BD-ADA8-1773C5A953F5}.Debug|x86.ActiveCfg = Debug|Any CPU
		{B318F84E-B740-45BD-ADA8-1773C5A953F5}.Release|Any CPU.ActiveCfg = Release|Any CPU
		{B318F84E-B740-45BD-ADA8-1773C5A953F5}.Release|Any CPU.Build.0 = Release|Any CPU
		{B318F84E-B740-45BD-ADA8-1773C5A953F5}.Release|x86.ActiveCfg = Release|Any CPU
		{A47CF14F-6339-4610-BF23-C732E18805BF}.Debug|Any CPU.ActiveCfg = Debug|Any CPU
		{A47CF14F-6339-4610-BF23-C732E18805BF}.Debug|Any CPU.Build.0 = Debug|Any CPU
		{A47CF14F-6339-4610-BF23-C732E18805BF}.Debug|x86.ActiveCfg = Debug|Any CPU
		{A47CF14F-6339-4610-BF23-C732E18805BF}.Release|Any CPU.ActiveCfg = Release|Any CPU
		{A47CF14F-6339-4610-BF23-C732E18805BF}.Release|Any CPU.Build.0 = Release|Any CPU
		{A47CF14F-6339-4610-BF23-C732E18805BF}.Release|x86.ActiveCfg = Release|Any CPU
		{342C0A77-6E9F-4C38-898D-03A0312FD643}.Debug|Any CPU.ActiveCfg = Debug|Any CPU
		{342C0A77-6E9F-4C38-898D-03A0312FD643}.Debug|Any CPU.Build.0 = Debug|Any CPU
		{342C0A77-6E9F-4C38-898D-03A0312FD643}.Debug|x86.ActiveCfg = Debug|Any CPU
		{342C0A77-6E9F-4C38-898D-03A0312FD643}.Release|Any CPU.ActiveCfg = Release|Any CPU
		{342C0A77-6E9F-4C38-898D-03A0312FD643}.Release|Any CPU.Build.0 = Release|Any CPU
		{342C0A77-6E9F-4C38-898D-03A0312FD643}.Release|x86.ActiveCfg = Release|Any CPU
		{C16AF6E3-5032-4D2C-8756-85BF42F1C8D0}.Debug|Any CPU.ActiveCfg = Debug|Any CPU
		{C16AF6E3-5032-4D2C-8756-85BF42F1C8D0}.Debug|Any CPU.Build.0 = Debug|Any CPU
		{C16AF6E3-5032-4D2C-8756-85BF42F1C8D0}.Debug|x86.ActiveCfg = Debug|Any CPU
		{C16AF6E3-5032-4D2C-8756-85BF42F1C8D0}.Release|Any CPU.ActiveCfg = Release|Any CPU
		{C16AF6E3-5032-4D2C-8756-85BF42F1C8D0}.Release|Any CPU.Build.0 = Release|Any CPU
		{C16AF6E3-5032-4D2C-8756-85BF42F1C8D0}.Release|x86.ActiveCfg = Release|Any CPU
		{FFA5128A-BEA6-4FFA-9E0B-9E706AC8A544}.Debug|Any CPU.ActiveCfg = Debug|Any CPU
		{FFA5128A-BEA6-4FFA-9E0B-9E706AC8A544}.Debug|Any CPU.Build.0 = Debug|Any CPU
		{FFA5128A-BEA6-4FFA-9E0B-9E706AC8A544}.Debug|x86.ActiveCfg = Debug|Any CPU
		{FFA5128A-BEA6-4FFA-9E0B-9E706AC8A544}.Release|Any CPU.ActiveCfg = Release|Any CPU
		{FFA5128A-BEA6-4FFA-9E0B-9E706AC8A544}.Release|Any CPU.Build.0 = Release|Any CPU
		{FFA5128A-BEA6-4FFA-9E0B-9E706AC8A544}.Release|x86.ActiveCfg = Release|Any CPU
		{D3018C1D-19DD-407E-9A44-304E172599D3}.Debug|Any CPU.ActiveCfg = Debug|Any CPU
		{D3018C1D-19DD-407E-9A44-304E172599D3}.Debug|Any CPU.Build.0 = Debug|Any CPU
		{D3018C1D-19DD-407E-9A44-304E172599D3}.Debug|x86.ActiveCfg = Debug|Any CPU
		{D3018C1D-19DD-407E-9A44-304E172599D3}.Release|Any CPU.ActiveCfg = Release|Any CPU
		{D3018C1D-19DD-407E-9A44-304E172599D3}.Release|Any CPU.Build.0 = Release|Any CPU
		{D3018C1D-19DD-407E-9A44-304E172599D3}.Release|x86.ActiveCfg = Release|Any CPU
		{9D487969-76A8-4CC9-8D4C-FC65B4B3B21E}.Debug|Any CPU.ActiveCfg = Debug|Any CPU
		{9D487969-76A8-4CC9-8D4C-FC65B4B3B21E}.Debug|Any CPU.Build.0 = Debug|Any CPU
		{9D487969-76A8-4CC9-8D4C-FC65B4B3B21E}.Debug|x86.ActiveCfg = Debug|Any CPU
		{9D487969-76A8-4CC9-8D4C-FC65B4B3B21E}.Release|Any CPU.ActiveCfg = Release|Any CPU
		{9D487969-76A8-4CC9-8D4C-FC65B4B3B21E}.Release|Any CPU.Build.0 = Release|Any CPU
		{9D487969-76A8-4CC9-8D4C-FC65B4B3B21E}.Release|x86.ActiveCfg = Release|Any CPU
		{7FFC306B-2680-49C7-8BE0-6358B2A8A409}.Debug|Any CPU.ActiveCfg = Debug|Any CPU
		{7FFC306B-2680-49C7-8BE0-6358B2A8A409}.Debug|Any CPU.Build.0 = Debug|Any CPU
		{7FFC306B-2680-49C7-8BE0-6358B2A8A409}.Debug|x86.ActiveCfg = Debug|Any CPU
		{7FFC306B-2680-49C7-8BE0-6358B2A8A409}.Release|Any CPU.ActiveCfg = Release|Any CPU
		{7FFC306B-2680-49C7-8BE0-6358B2A8A409}.Release|Any CPU.Build.0 = Release|Any CPU
		{7FFC306B-2680-49C7-8BE0-6358B2A8A409}.Release|x86.ActiveCfg = Release|Any CPU
		{0B32450D-AB7B-4FB1-8819-7AFC17EB1295}.Debug|Any CPU.ActiveCfg = Debug|Any CPU
		{0B32450D-AB7B-4FB1-8819-7AFC17EB1295}.Debug|Any CPU.Build.0 = Debug|Any CPU
		{0B32450D-AB7B-4FB1-8819-7AFC17EB1295}.Debug|x86.ActiveCfg = Debug|Any CPU
		{0B32450D-AB7B-4FB1-8819-7AFC17EB1295}.Release|Any CPU.ActiveCfg = Release|Any CPU
		{0B32450D-AB7B-4FB1-8819-7AFC17EB1295}.Release|Any CPU.Build.0 = Release|Any CPU
		{0B32450D-AB7B-4FB1-8819-7AFC17EB1295}.Release|x86.ActiveCfg = Release|Any CPU
		{776C7D9D-72C5-4C73-AC73-88071B5C963C}.Debug|Any CPU.ActiveCfg = Debug|Any CPU
		{776C7D9D-72C5-4C73-AC73-88071B5C963C}.Debug|Any CPU.Build.0 = Debug|Any CPU
		{776C7D9D-72C5-4C73-AC73-88071B5C963C}.Debug|x86.ActiveCfg = Debug|Any CPU
		{776C7D9D-72C5-4C73-AC73-88071B5C963C}.Release|Any CPU.ActiveCfg = Release|Any CPU
		{776C7D9D-72C5-4C73-AC73-88071B5C963C}.Release|Any CPU.Build.0 = Release|Any CPU
		{776C7D9D-72C5-4C73-AC73-88071B5C963C}.Release|x86.ActiveCfg = Release|Any CPU
		{E0FECDE5-B375-45AF-9B07-BD64977F966C}.Debug|Any CPU.ActiveCfg = Debug|Any CPU
		{E0FECDE5-B375-45AF-9B07-BD64977F966C}.Debug|Any CPU.Build.0 = Debug|Any CPU
		{E0FECDE5-B375-45AF-9B07-BD64977F966C}.Debug|x86.ActiveCfg = Debug|Any CPU
		{E0FECDE5-B375-45AF-9B07-BD64977F966C}.Release|Any CPU.ActiveCfg = Release|Any CPU
		{E0FECDE5-B375-45AF-9B07-BD64977F966C}.Release|Any CPU.Build.0 = Release|Any CPU
		{E0FECDE5-B375-45AF-9B07-BD64977F966C}.Release|x86.ActiveCfg = Release|Any CPU
		{1B6D0A02-F1C2-4817-8958-4A996DEF5AC7}.Debug|Any CPU.ActiveCfg = Debug|Any CPU
		{1B6D0A02-F1C2-4817-8958-4A996DEF5AC7}.Debug|Any CPU.Build.0 = Debug|Any CPU
		{1B6D0A02-F1C2-4817-8958-4A996DEF5AC7}.Debug|x86.ActiveCfg = Debug|Any CPU
		{1B6D0A02-F1C2-4817-8958-4A996DEF5AC7}.Release|Any CPU.ActiveCfg = Release|Any CPU
		{1B6D0A02-F1C2-4817-8958-4A996DEF5AC7}.Release|Any CPU.Build.0 = Release|Any CPU
		{1B6D0A02-F1C2-4817-8958-4A996DEF5AC7}.Release|x86.ActiveCfg = Release|Any CPU
		{D18C2B09-4793-4D16-AC5D-C04C0E5AC976}.Debug|Any CPU.ActiveCfg = Debug|Any CPU
		{D18C2B09-4793-4D16-AC5D-C04C0E5AC976}.Debug|Any CPU.Build.0 = Debug|Any CPU
		{D18C2B09-4793-4D16-AC5D-C04C0E5AC976}.Debug|x86.ActiveCfg = Debug|Any CPU
		{D18C2B09-4793-4D16-AC5D-C04C0E5AC976}.Release|Any CPU.ActiveCfg = Release|Any CPU
		{D18C2B09-4793-4D16-AC5D-C04C0E5AC976}.Release|Any CPU.Build.0 = Release|Any CPU
		{D18C2B09-4793-4D16-AC5D-C04C0E5AC976}.Release|x86.ActiveCfg = Release|Any CPU
		{C4276F0E-10BD-4D9C-8686-B0E6F9FE7B23}.Debug|Any CPU.ActiveCfg = Debug|Any CPU
		{C4276F0E-10BD-4D9C-8686-B0E6F9FE7B23}.Debug|Any CPU.Build.0 = Debug|Any CPU
		{C4276F0E-10BD-4D9C-8686-B0E6F9FE7B23}.Debug|x86.ActiveCfg = Debug|Any CPU
		{C4276F0E-10BD-4D9C-8686-B0E6F9FE7B23}.Release|Any CPU.ActiveCfg = Release|Any CPU
		{C4276F0E-10BD-4D9C-8686-B0E6F9FE7B23}.Release|Any CPU.Build.0 = Release|Any CPU
		{C4276F0E-10BD-4D9C-8686-B0E6F9FE7B23}.Release|x86.ActiveCfg = Release|Any CPU
		{42C6C52F-0A48-43D2-90C8-553B4B3E3333}.Debug|Any CPU.ActiveCfg = Debug|Any CPU
		{42C6C52F-0A48-43D2-90C8-553B4B3E3333}.Debug|Any CPU.Build.0 = Debug|Any CPU
		{42C6C52F-0A48-43D2-90C8-553B4B3E3333}.Debug|x86.ActiveCfg = Debug|Any CPU
		{42C6C52F-0A48-43D2-90C8-553B4B3E3333}.Release|Any CPU.ActiveCfg = Release|Any CPU
		{42C6C52F-0A48-43D2-90C8-553B4B3E3333}.Release|Any CPU.Build.0 = Release|Any CPU
		{42C6C52F-0A48-43D2-90C8-553B4B3E3333}.Release|x86.ActiveCfg = Release|Any CPU
		{FABF230B-5782-46FB-8C64-6AC98722C33F}.Debug|Any CPU.ActiveCfg = Debug|Any CPU
		{FABF230B-5782-46FB-8C64-6AC98722C33F}.Debug|Any CPU.Build.0 = Debug|Any CPU
		{FABF230B-5782-46FB-8C64-6AC98722C33F}.Debug|x86.ActiveCfg = Debug|Any CPU
		{FABF230B-5782-46FB-8C64-6AC98722C33F}.Release|Any CPU.ActiveCfg = Release|Any CPU
		{FABF230B-5782-46FB-8C64-6AC98722C33F}.Release|Any CPU.Build.0 = Release|Any CPU
		{FABF230B-5782-46FB-8C64-6AC98722C33F}.Release|x86.ActiveCfg = Release|Any CPU
		{C9F8C128-32CD-4151-A083-18E03C107D23}.Debug|Any CPU.ActiveCfg = Debug|Any CPU
		{C9F8C128-32CD-4151-A083-18E03C107D23}.Debug|Any CPU.Build.0 = Debug|Any CPU
		{C9F8C128-32CD-4151-A083-18E03C107D23}.Debug|x86.ActiveCfg = Debug|Any CPU
		{C9F8C128-32CD-4151-A083-18E03C107D23}.Release|Any CPU.ActiveCfg = Release|Any CPU
		{C9F8C128-32CD-4151-A083-18E03C107D23}.Release|Any CPU.Build.0 = Release|Any CPU
		{C9F8C128-32CD-4151-A083-18E03C107D23}.Release|x86.ActiveCfg = Release|Any CPU
		{30B2A395-5E43-454F-8093-DAF307D6D4FB}.Debug|Any CPU.ActiveCfg = Debug|Any CPU
		{30B2A395-5E43-454F-8093-DAF307D6D4FB}.Debug|Any CPU.Build.0 = Debug|Any CPU
		{30B2A395-5E43-454F-8093-DAF307D6D4FB}.Debug|x86.ActiveCfg = Debug|Any CPU
		{30B2A395-5E43-454F-8093-DAF307D6D4FB}.Release|Any CPU.ActiveCfg = Release|Any CPU
		{30B2A395-5E43-454F-8093-DAF307D6D4FB}.Release|Any CPU.Build.0 = Release|Any CPU
		{30B2A395-5E43-454F-8093-DAF307D6D4FB}.Release|x86.ActiveCfg = Release|Any CPU
		{255072D7-49B0-4E0A-93D4-C283144499B7}.Debug|Any CPU.ActiveCfg = Debug|Any CPU
		{255072D7-49B0-4E0A-93D4-C283144499B7}.Debug|Any CPU.Build.0 = Debug|Any CPU
		{255072D7-49B0-4E0A-93D4-C283144499B7}.Debug|x86.ActiveCfg = Debug|Any CPU
		{255072D7-49B0-4E0A-93D4-C283144499B7}.Release|Any CPU.ActiveCfg = Release|Any CPU
		{255072D7-49B0-4E0A-93D4-C283144499B7}.Release|Any CPU.Build.0 = Release|Any CPU
		{255072D7-49B0-4E0A-93D4-C283144499B7}.Release|x86.ActiveCfg = Release|Any CPU
	EndGlobalSection
	GlobalSection(SolutionProperties) = preSolution
		HideSolutionNode = FALSE
	EndGlobalSection
EndGlobal
