
Microsoft Visual Studio Solution File, Format Version 12.00
# Visual Studio 15
VisualStudioVersion = 15.0.26730.3
MinimumVisualStudioVersion = 10.0.40219.1
Project("{2150E333-8FDC-42A3-9474-1A3956D46DE8}") = "Solution Items", "Solution Items", "{F17571BB-66D4-4DB5-8EC0-33A76DD5B018}"
	ProjectSection(SolutionItems) = preProject
		SharedVersion.cs = SharedVersion.cs
	EndProjectSection
EndProject
Global
	GlobalSection(SolutionProperties) = preSolution
		HideSolutionNode = FALSE
	EndGlobalSection
	GlobalSection(ExtensibilityGlobals) = postSolution
		SolutionGuid = {FF9BA2AD-B3EF-4AE1-9280-9EED3261A6FF}
	EndGlobalSection
EndGlobal
