
Microsoft Visual Studio Solution File, Format Version 12.00
# Visual Studio 2012
Project("{FAE04EC0-301F-11D3-BF4B-00C04F79EFBC}") = "MediaBrowser.Plugins.Trailers", "MediaBrowser.Plugins.Trailers\MediaBrowser.Plugins.Trailers.csproj", "{2F4C01E2-7C9F-4F08-922E-27AC4A1D53FF}"
EndProject
Project("{FAE04EC0-301F-11D3-BF4B-00C04F79EFBC}") = "MediaBrowser.Plugins.RottenTomatoes", "MediaBrowser.Plugins.RottenTomatoes\MediaBrowser.Plugins.RottenTomatoes.csproj", "{71BF266C-BFB0-4821-8909-FF21F95A4B49}"
EndProject
Project("{FAE04EC0-301F-11D3-BF4B-00C04F79EFBC}") = "MediaBrowser.Plugins.XbmcMetadata", "MediaBrowser.Plugins.XbmcMetadata\MediaBrowser.Plugins.XbmcMetadata.csproj", "{67F2EC37-873B-4381-A8AB-FAE57A94760C}"
EndProject
Project("{2150E333-8FDC-42A3-9474-1A3956D46DE8}") = "Solution Items", "Solution Items", "{F17571BB-66D4-4DB5-8EC0-33A76DD5B018}"
	ProjectSection(SolutionItems) = preProject
		SharedVersion.cs = SharedVersion.cs
	EndProjectSection
EndProject
Project("{FAE04EC0-301F-11D3-BF4B-00C04F79EFBC}") = "MediaBrowser.Plugins.NextPvr", "MediaBrowser.Plugins.NextPvr\MediaBrowser.Plugins.NextPvr.csproj", "{815AB3F4-6B55-4FC4-9441-9297A3A116CB}"
EndProject
Project("{FAE04EC0-301F-11D3-BF4B-00C04F79EFBC}") = "MediaBrowser.Plugins.NesBox", "MediaBrowser.Plugins.NesBox\MediaBrowser.Plugins.NesBox.csproj", "{0984E20F-397A-42F9-BA75-ED7693CD205B}"
EndProject
Project("{FAE04EC0-301F-11D3-BF4B-00C04F79EFBC}") = "MediaBrowser.Plugins.SnesBox", "MediaBrowser.Plugins.SnesBox\MediaBrowser.Plugins.SnesBox.csproj", "{C2166867-8753-4B59-ACE0-5F7D9D767543}"
EndProject
Project("{FAE04EC0-301F-11D3-BF4B-00C04F79EFBC}") = "MediaBrowser.Plugins.ADEProvider", "MediaBrowser.Plugins.ADEProvider\MediaBrowser.Plugins.ADEProvider.csproj", "{2F1E5734-05C5-495D-B11B-42C4762CF4CF}"
EndProject
Project("{FAE04EC0-301F-11D3-BF4B-00C04F79EFBC}") = "MediaBrowser.Plugins.SmtpNotifications", "MediaBrowser.Plugins.SmtpNotifications\MediaBrowser.Plugins.SmtpNotifications.csproj", "{B318F84E-B740-45BD-ADA8-1773C5A953F5}"
EndProject
Project("{FAE04EC0-301F-11D3-BF4B-00C04F79EFBC}") = "MediaBrowser.Plugins.PushALotNotifications", "MediaBrowser.Plugins.PushALotNotifications\MediaBrowser.Plugins.PushALotNotifications.csproj", "{A47CF14F-6339-4610-BF23-C732E18805BF}"
EndProject
Project("{FAE04EC0-301F-11D3-BF4B-00C04F79EFBC}") = "MediaBrowser.Plugins.PushOverNotifications", "MediaBrowser.Plugins.PushOverNotifications\MediaBrowser.Plugins.PushOverNotifications.csproj", "{342C0A77-6E9F-4C38-898D-03A0312FD643}"
EndProject
Project("{FAE04EC0-301F-11D3-BF4B-00C04F79EFBC}") = "MediaBrowser.Plugins.ProwlNotifications", "MediaBrowser.Plugins.ProwlNotifications\MediaBrowser.Plugins.ProwlNotifications.csproj", "{C16AF6E3-5032-4D2C-8756-85BF42F1C8D0}"
EndProject
Project("{FAE04EC0-301F-11D3-BF4B-00C04F79EFBC}") = "MediaBrowser.Plugins.NotifyMyAndroidNotifications", "MediaBrowser.Plugins.NotifyMyAndroidNotifications\MediaBrowser.Plugins.NotifyMyAndroidNotifications.csproj", "{FFA5128A-BEA6-4FFA-9E0B-9E706AC8A544}"
EndProject
Project("{FAE04EC0-301F-11D3-BF4B-00C04F79EFBC}") = "MediaBrowser.Plugins.Vimeo", "MediaBrowser.Plugins.Vimeo\MediaBrowser.Plugins.Vimeo.csproj", "{E966032D-3601-44AA-BC6F-94ACFE8840F5}"
EndProject
Global
	GlobalSection(SolutionConfigurationPlatforms) = preSolution
		Debug|Any CPU = Debug|Any CPU
		Debug|x86 = Debug|x86
		Release|Any CPU = Release|Any CPU
		Release|x86 = Release|x86
	EndGlobalSection
	GlobalSection(ProjectConfigurationPlatforms) = postSolution
		{2F4C01E2-7C9F-4F08-922E-27AC4A1D53FF}.Debug|Any CPU.ActiveCfg = Debug|Any CPU
		{2F4C01E2-7C9F-4F08-922E-27AC4A1D53FF}.Debug|Any CPU.Build.0 = Debug|Any CPU
		{2F4C01E2-7C9F-4F08-922E-27AC4A1D53FF}.Debug|x86.ActiveCfg = Debug|Any CPU
		{2F4C01E2-7C9F-4F08-922E-27AC4A1D53FF}.Release|Any CPU.ActiveCfg = Release|Any CPU
		{2F4C01E2-7C9F-4F08-922E-27AC4A1D53FF}.Release|Any CPU.Build.0 = Release|Any CPU
		{2F4C01E2-7C9F-4F08-922E-27AC4A1D53FF}.Release|x86.ActiveCfg = Release|Any CPU
		{71BF266C-BFB0-4821-8909-FF21F95A4B49}.Debug|Any CPU.ActiveCfg = Debug|Any CPU
		{71BF266C-BFB0-4821-8909-FF21F95A4B49}.Debug|Any CPU.Build.0 = Debug|Any CPU
		{71BF266C-BFB0-4821-8909-FF21F95A4B49}.Debug|x86.ActiveCfg = Debug|Any CPU
		{71BF266C-BFB0-4821-8909-FF21F95A4B49}.Release|Any CPU.ActiveCfg = Release|Any CPU
		{71BF266C-BFB0-4821-8909-FF21F95A4B49}.Release|Any CPU.Build.0 = Release|Any CPU
		{71BF266C-BFB0-4821-8909-FF21F95A4B49}.Release|x86.ActiveCfg = Release|Any CPU
		{67F2EC37-873B-4381-A8AB-FAE57A94760C}.Debug|Any CPU.ActiveCfg = Debug|Any CPU
		{67F2EC37-873B-4381-A8AB-FAE57A94760C}.Debug|Any CPU.Build.0 = Debug|Any CPU
		{67F2EC37-873B-4381-A8AB-FAE57A94760C}.Debug|x86.ActiveCfg = Debug|Any CPU
		{67F2EC37-873B-4381-A8AB-FAE57A94760C}.Release|Any CPU.ActiveCfg = Release|Any CPU
		{67F2EC37-873B-4381-A8AB-FAE57A94760C}.Release|Any CPU.Build.0 = Release|Any CPU
		{67F2EC37-873B-4381-A8AB-FAE57A94760C}.Release|x86.ActiveCfg = Release|Any CPU
		{815AB3F4-6B55-4FC4-9441-9297A3A116CB}.Debug|Any CPU.ActiveCfg = Debug|Any CPU
		{815AB3F4-6B55-4FC4-9441-9297A3A116CB}.Debug|Any CPU.Build.0 = Debug|Any CPU
		{815AB3F4-6B55-4FC4-9441-9297A3A116CB}.Debug|x86.ActiveCfg = Debug|Any CPU
		{815AB3F4-6B55-4FC4-9441-9297A3A116CB}.Release|Any CPU.ActiveCfg = Release|Any CPU
		{815AB3F4-6B55-4FC4-9441-9297A3A116CB}.Release|Any CPU.Build.0 = Release|Any CPU
		{815AB3F4-6B55-4FC4-9441-9297A3A116CB}.Release|x86.ActiveCfg = Release|Any CPU
		{0984E20F-397A-42F9-BA75-ED7693CD205B}.Debug|Any CPU.ActiveCfg = Debug|Any CPU
		{0984E20F-397A-42F9-BA75-ED7693CD205B}.Debug|Any CPU.Build.0 = Debug|Any CPU
		{0984E20F-397A-42F9-BA75-ED7693CD205B}.Debug|x86.ActiveCfg = Debug|Any CPU
		{0984E20F-397A-42F9-BA75-ED7693CD205B}.Release|Any CPU.ActiveCfg = Release|Any CPU
		{0984E20F-397A-42F9-BA75-ED7693CD205B}.Release|Any CPU.Build.0 = Release|Any CPU
		{0984E20F-397A-42F9-BA75-ED7693CD205B}.Release|x86.ActiveCfg = Release|Any CPU
		{C2166867-8753-4B59-ACE0-5F7D9D767543}.Debug|Any CPU.ActiveCfg = Debug|Any CPU
		{C2166867-8753-4B59-ACE0-5F7D9D767543}.Debug|Any CPU.Build.0 = Debug|Any CPU
		{C2166867-8753-4B59-ACE0-5F7D9D767543}.Debug|x86.ActiveCfg = Debug|Any CPU
		{C2166867-8753-4B59-ACE0-5F7D9D767543}.Release|Any CPU.ActiveCfg = Release|Any CPU
		{C2166867-8753-4B59-ACE0-5F7D9D767543}.Release|Any CPU.Build.0 = Release|Any CPU
		{C2166867-8753-4B59-ACE0-5F7D9D767543}.Release|x86.ActiveCfg = Release|Any CPU
		{2F1E5734-05C5-495D-B11B-42C4762CF4CF}.Debug|Any CPU.ActiveCfg = Debug|Any CPU
		{2F1E5734-05C5-495D-B11B-42C4762CF4CF}.Debug|Any CPU.Build.0 = Debug|Any CPU
		{2F1E5734-05C5-495D-B11B-42C4762CF4CF}.Debug|x86.ActiveCfg = Debug|Any CPU
		{2F1E5734-05C5-495D-B11B-42C4762CF4CF}.Release|Any CPU.ActiveCfg = Release|Any CPU
		{2F1E5734-05C5-495D-B11B-42C4762CF4CF}.Release|Any CPU.Build.0 = Release|Any CPU
		{2F1E5734-05C5-495D-B11B-42C4762CF4CF}.Release|x86.ActiveCfg = Release|Any CPU
		{B318F84E-B740-45BD-ADA8-1773C5A953F5}.Debug|Any CPU.ActiveCfg = Debug|Any CPU
		{B318F84E-B740-45BD-ADA8-1773C5A953F5}.Debug|Any CPU.Build.0 = Debug|Any CPU
		{B318F84E-B740-45BD-ADA8-1773C5A953F5}.Debug|x86.ActiveCfg = Debug|Any CPU
		{B318F84E-B740-45BD-ADA8-1773C5A953F5}.Release|Any CPU.ActiveCfg = Release|Any CPU
		{B318F84E-B740-45BD-ADA8-1773C5A953F5}.Release|Any CPU.Build.0 = Release|Any CPU
		{B318F84E-B740-45BD-ADA8-1773C5A953F5}.Release|x86.ActiveCfg = Release|Any CPU
		{A47CF14F-6339-4610-BF23-C732E18805BF}.Debug|Any CPU.ActiveCfg = Debug|Any CPU
		{A47CF14F-6339-4610-BF23-C732E18805BF}.Debug|Any CPU.Build.0 = Debug|Any CPU
		{A47CF14F-6339-4610-BF23-C732E18805BF}.Debug|x86.ActiveCfg = Debug|Any CPU
		{A47CF14F-6339-4610-BF23-C732E18805BF}.Release|Any CPU.ActiveCfg = Release|Any CPU
		{A47CF14F-6339-4610-BF23-C732E18805BF}.Release|Any CPU.Build.0 = Release|Any CPU
		{A47CF14F-6339-4610-BF23-C732E18805BF}.Release|x86.ActiveCfg = Release|Any CPU
		{342C0A77-6E9F-4C38-898D-03A0312FD643}.Debug|Any CPU.ActiveCfg = Debug|Any CPU
		{342C0A77-6E9F-4C38-898D-03A0312FD643}.Debug|Any CPU.Build.0 = Debug|Any CPU
		{342C0A77-6E9F-4C38-898D-03A0312FD643}.Debug|x86.ActiveCfg = Debug|Any CPU
		{342C0A77-6E9F-4C38-898D-03A0312FD643}.Release|Any CPU.ActiveCfg = Release|Any CPU
		{342C0A77-6E9F-4C38-898D-03A0312FD643}.Release|Any CPU.Build.0 = Release|Any CPU
		{342C0A77-6E9F-4C38-898D-03A0312FD643}.Release|x86.ActiveCfg = Release|Any CPU
		{C16AF6E3-5032-4D2C-8756-85BF42F1C8D0}.Debug|Any CPU.ActiveCfg = Debug|Any CPU
		{C16AF6E3-5032-4D2C-8756-85BF42F1C8D0}.Debug|Any CPU.Build.0 = Debug|Any CPU
		{C16AF6E3-5032-4D2C-8756-85BF42F1C8D0}.Debug|x86.ActiveCfg = Debug|Any CPU
		{C16AF6E3-5032-4D2C-8756-85BF42F1C8D0}.Release|Any CPU.ActiveCfg = Release|Any CPU
		{C16AF6E3-5032-4D2C-8756-85BF42F1C8D0}.Release|Any CPU.Build.0 = Release|Any CPU
		{C16AF6E3-5032-4D2C-8756-85BF42F1C8D0}.Release|x86.ActiveCfg = Release|Any CPU
		{FFA5128A-BEA6-4FFA-9E0B-9E706AC8A544}.Debug|Any CPU.ActiveCfg = Debug|Any CPU
		{FFA5128A-BEA6-4FFA-9E0B-9E706AC8A544}.Debug|Any CPU.Build.0 = Debug|Any CPU
		{FFA5128A-BEA6-4FFA-9E0B-9E706AC8A544}.Debug|x86.ActiveCfg = Debug|Any CPU
		{FFA5128A-BEA6-4FFA-9E0B-9E706AC8A544}.Release|Any CPU.ActiveCfg = Release|Any CPU
		{FFA5128A-BEA6-4FFA-9E0B-9E706AC8A544}.Release|Any CPU.Build.0 = Release|Any CPU
		{FFA5128A-BEA6-4FFA-9E0B-9E706AC8A544}.Release|x86.ActiveCfg = Release|Any CPU
		{E966032D-3601-44AA-BC6F-94ACFE8840F5}.Debug|Any CPU.ActiveCfg = Debug|Any CPU
		{E966032D-3601-44AA-BC6F-94ACFE8840F5}.Debug|Any CPU.Build.0 = Debug|Any CPU
		{E966032D-3601-44AA-BC6F-94ACFE8840F5}.Debug|x86.ActiveCfg = Debug|Any CPU
		{E966032D-3601-44AA-BC6F-94ACFE8840F5}.Release|Any CPU.ActiveCfg = Release|Any CPU
		{E966032D-3601-44AA-BC6F-94ACFE8840F5}.Release|Any CPU.Build.0 = Release|Any CPU
		{E966032D-3601-44AA-BC6F-94ACFE8840F5}.Release|x86.ActiveCfg = Release|Any CPU
	EndGlobalSection
	GlobalSection(SolutionProperties) = preSolution
		HideSolutionNode = FALSE
	EndGlobalSection
EndGlobal
