
Microsoft Visual Studio Solution File, Format Version 12.00
# Visual Studio 2012
Project("{FAE04EC0-301F-11D3-BF4B-00C04F79EFBC}") = "PodCasts", "PodCasts.csproj", "{30B2A395-5E43-454F-8093-DAF307D6D4FB}"
EndProject
Global
	GlobalSection(SolutionConfigurationPlatforms) = preSolution
		Debug|Any CPU = Debug|Any CPU
		Release|Any CPU = Release|Any CPU
	EndGlobalSection
	GlobalSection(ProjectConfigurationPlatforms) = postSolution
		{30B2A395-5E43-454F-8093-DAF307D6D4FB}.Debug|Any CPU.ActiveCfg = Debug|Any CPU
		{30B2A395-5E43-454F-8093-DAF307D6D4FB}.Debug|Any CPU.Build.0 = Debug|Any CPU
		{30B2A395-5E43-454F-8093-DAF307D6D4FB}.Release|Any CPU.ActiveCfg = Release|Any CPU
		{30B2A395-5E43-454F-8093-DAF307D6D4FB}.Release|Any CPU.Build.0 = Release|Any CPU
	EndGlobalSection
	GlobalSection(SolutionProperties) = preSolution
		HideSolutionNode = FALSE
	EndGlobalSection
EndGlobal
